{
  "nodes": {
    "nix-gleam": {
      "inputs": {
        "nixpkgs": [
          "nixpkgs"
        ]
      },
      "locked": {
        "lastModified": 1791125171,
        "narHash": "sha256-FtHNWQ8T+tI9Ce1fdwYb+WHDVFHeBzqsePpf5tYuEX8=",
        "owner": "cncptpr",
        "repo": "nix-gleam",
        "rev": "33f58fdf13b322bc8b107358febdb1dc28ed3c0a",
        "type": "github"
      },
      "original": {
        "owner": "cncptpr",
        "ref": "fix/local-packages",
        "repo": "nix-gleam",
        "type": "github"
      }
    },
    "nixpkgs": {
      "locked": {
        "lastModified": 1790822859,
        "narHash": "sha256-69xHQhAeMAD2wDXO7T2pcOZIF9Sga2W+JkmY2a11Ops=",
        "owner": "NixOS",
        "repo": "nixpkgs",
        "rev": "c59305bab2065cfecc4944690d9eedbb56f3a9fa",
        "type": "github"
      },
      "original": {
        "owner": "NixOS",
        "ref": "nixos-unstable",
        "repo": "nixpkgs",
        "type": "github"
      }
    },
    "root": {
      "inputs": {
        "nix-gleam": "nix-gleam",
        "nixpkgs": "nixpkgs"
      }
    }
  },
  "root": "root",
  "version": 7
}
